
Microsoft Visual Studio Solution File, Format Version 12.00
# Visual Studio 14
VisualStudioVersion = 14.0.23107.0
MinimumVisualStudioVersion = 10.0.40219.1
Project("{FAE04EC0-301F-11D3-BF4B-00C04F79EFBC}") = "discnt", "discnt\discnt.csproj", "{39C33EE8-A26E-4C7A-B279-E89DBE09F8F3}"
EndProject
Project("{FAE04EC0-301F-11D3-BF4B-00C04F79EFBC}") = "Discnt.Tests", "Discnt.Tests\Discnt.Tests.csproj", "{4CC91FB9-68A5-447B-B50A-9AAA52EECFF8}"
EndProject
Project("{FAE04EC0-301F-11D3-BF4B-00C04F79EFBC}") = "Hamstr", "Hamstr\Hamstr.csproj", "{DAD8906B-5DE4-42A7-8296-BCA8A9EFBBFD}"
EndProject
Project("{FAE04EC0-301F-11D3-BF4B-00C04F79EFBC}") = "Hamstr.Tests", "Hamstr.Tests\Hamstr.Tests.csproj", "{F5A2E7B5-8E53-4FAF-850C-9E03FFF2CC72}"
EndProject
Project("{FAE04EC0-301F-11D3-BF4B-00C04F79EFBC}") = "lngpok", "lngpok\lngpok.csproj", "{331B6D4D-0C0A-46C2-880E-7E4424AD7D1F}"
EndProject
Project("{FAE04EC0-301F-11D3-BF4B-00C04F79EFBC}") = "Lngpok.Tests", "Lngpok.Tests\Lngpok.Tests.csproj", "{28D50F94-2C4E-4CCC-AD77-7376CC141C8C}"
EndProject
Project("{FAE04EC0-301F-11D3-BF4B-00C04F79EFBC}") = "bugtrk", "bugtrk\bugtrk.csproj", "{458FFD73-5F0F-45A2-A902-134E77454382}"
EndProject
Project("{FAE04EC0-301F-11D3-BF4B-00C04F79EFBC}") = "BugtrkTests", "BugtrkTests\BugtrkTests.csproj", "{0C9DF418-2AA3-45E9-8FF3-8D1D4A0FDAFD}"
EndProject
Project("{FAE04EC0-301F-11D3-BF4B-00C04F79EFBC}") = "SigkeyTests", "SigkeyTests\SigkeyTests.csproj", "{3ED778CD-5469-4B18-BD77-2E2152AE6402}"
EndProject
Project("{FAE04EC0-301F-11D3-BF4B-00C04F79EFBC}") = "sigkey", "sigkey\sigkey.csproj", "{3943683E-34B3-4412-9D94-8F0CEEAC6B23}"
EndProject
Project("{FAE04EC0-301F-11D3-BF4B-00C04F79EFBC}") = "govern", "govern\govern.csproj", "{5E246FC4-9F42-4DC8-876D-A58D3CC0EDB5}"
EndProject
Project("{FAE04EC0-301F-11D3-BF4B-00C04F79EFBC}") = "CommonTests", "CommonTests\CommonTests.csproj", "{96773124-A835-49AB-8EF4-1FBDEFCC4010}"
EndProject
Project("{FAE04EC0-301F-11D3-BF4B-00C04F79EFBC}") = "Common", "Common\Common.csproj", "{5E451F5D-4276-4B26-8BE0-DE7B0AB31BBA}"
EndProject
Project("{FAE04EC0-301F-11D3-BF4B-00C04F79EFBC}") = "Govern.Tests", "Govern.Tests\Govern.Tests.csproj", "{B74525BA-6F35-4BF0-8545-30267F88C202}"
EndProject
Project("{FAE04EC0-301F-11D3-BF4B-00C04F79EFBC}") = "gamsrv", "gamsrv\gamsrv.csproj", "{929F063F-F3E0-4412-87BE-6ED5A3B3A8FF}"
EndProject
Project("{FAE04EC0-301F-11D3-BF4B-00C04F79EFBC}") = "GamsrvTests", "GamsrvTests\GamsrvTests.csproj", "{1720EDD4-98A6-4B3D-846C-6B989E2D0592}"
EndProject
Global
	GlobalSection(SolutionConfigurationPlatforms) = preSolution
		Debug|Any CPU = Debug|Any CPU
		Release|Any CPU = Release|Any CPU
	EndGlobalSection
	GlobalSection(ProjectConfigurationPlatforms) = postSolution
		{39C33EE8-A26E-4C7A-B279-E89DBE09F8F3}.Debug|Any CPU.ActiveCfg = Debug|Any CPU
		{39C33EE8-A26E-4C7A-B279-E89DBE09F8F3}.Debug|Any CPU.Build.0 = Debug|Any CPU
		{39C33EE8-A26E-4C7A-B279-E89DBE09F8F3}.Release|Any CPU.ActiveCfg = Release|Any CPU
		{39C33EE8-A26E-4C7A-B279-E89DBE09F8F3}.Release|Any CPU.Build.0 = Release|Any CPU
		{4CC91FB9-68A5-447B-B50A-9AAA52EECFF8}.Debug|Any CPU.ActiveCfg = Debug|Any CPU
		{4CC91FB9-68A5-447B-B50A-9AAA52EECFF8}.Debug|Any CPU.Build.0 = Debug|Any CPU
		{4CC91FB9-68A5-447B-B50A-9AAA52EECFF8}.Release|Any CPU.ActiveCfg = Release|Any CPU
		{4CC91FB9-68A5-447B-B50A-9AAA52EECFF8}.Release|Any CPU.Build.0 = Release|Any CPU
		{DAD8906B-5DE4-42A7-8296-BCA8A9EFBBFD}.Debug|Any CPU.ActiveCfg = Debug|Any CPU
		{DAD8906B-5DE4-42A7-8296-BCA8A9EFBBFD}.Debug|Any CPU.Build.0 = Debug|Any CPU
		{DAD8906B-5DE4-42A7-8296-BCA8A9EFBBFD}.Release|Any CPU.ActiveCfg = Release|Any CPU
		{DAD8906B-5DE4-42A7-8296-BCA8A9EFBBFD}.Release|Any CPU.Build.0 = Release|Any CPU
		{F5A2E7B5-8E53-4FAF-850C-9E03FFF2CC72}.Debug|Any CPU.ActiveCfg = Debug|Any CPU
		{F5A2E7B5-8E53-4FAF-850C-9E03FFF2CC72}.Debug|Any CPU.Build.0 = Debug|Any CPU
		{F5A2E7B5-8E53-4FAF-850C-9E03FFF2CC72}.Release|Any CPU.ActiveCfg = Release|Any CPU
		{F5A2E7B5-8E53-4FAF-850C-9E03FFF2CC72}.Release|Any CPU.Build.0 = Release|Any CPU
		{331B6D4D-0C0A-46C2-880E-7E4424AD7D1F}.Debug|Any CPU.ActiveCfg = Debug|Any CPU
		{331B6D4D-0C0A-46C2-880E-7E4424AD7D1F}.Debug|Any CPU.Build.0 = Debug|Any CPU
		{331B6D4D-0C0A-46C2-880E-7E4424AD7D1F}.Release|Any CPU.ActiveCfg = Release|Any CPU
		{331B6D4D-0C0A-46C2-880E-7E4424AD7D1F}.Release|Any CPU.Build.0 = Release|Any CPU
		{28D50F94-2C4E-4CCC-AD77-7376CC141C8C}.Debug|Any CPU.ActiveCfg = Debug|Any CPU
		{28D50F94-2C4E-4CCC-AD77-7376CC141C8C}.Debug|Any CPU.Build.0 = Debug|Any CPU
		{28D50F94-2C4E-4CCC-AD77-7376CC141C8C}.Release|Any CPU.ActiveCfg = Release|Any CPU
		{28D50F94-2C4E-4CCC-AD77-7376CC141C8C}.Release|Any CPU.Build.0 = Release|Any CPU
		{458FFD73-5F0F-45A2-A902-134E77454382}.Debug|Any CPU.ActiveCfg = Debug|Any CPU
		{458FFD73-5F0F-45A2-A902-134E77454382}.Debug|Any CPU.Build.0 = Debug|Any CPU
		{458FFD73-5F0F-45A2-A902-134E77454382}.Release|Any CPU.ActiveCfg = Release|Any CPU
		{458FFD73-5F0F-45A2-A902-134E77454382}.Release|Any CPU.Build.0 = Release|Any CPU
		{0C9DF418-2AA3-45E9-8FF3-8D1D4A0FDAFD}.Debug|Any CPU.ActiveCfg = Debug|Any CPU
		{0C9DF418-2AA3-45E9-8FF3-8D1D4A0FDAFD}.Debug|Any CPU.Build.0 = Debug|Any CPU
		{0C9DF418-2AA3-45E9-8FF3-8D1D4A0FDAFD}.Release|Any CPU.ActiveCfg = Release|Any CPU
		{0C9DF418-2AA3-45E9-8FF3-8D1D4A0FDAFD}.Release|Any CPU.Build.0 = Release|Any CPU
		{3ED778CD-5469-4B18-BD77-2E2152AE6402}.Debug|Any CPU.ActiveCfg = Debug|Any CPU
		{3ED778CD-5469-4B18-BD77-2E2152AE6402}.Debug|Any CPU.Build.0 = Debug|Any CPU
		{3ED778CD-5469-4B18-BD77-2E2152AE6402}.Release|Any CPU.ActiveCfg = Release|Any CPU
		{3ED778CD-5469-4B18-BD77-2E2152AE6402}.Release|Any CPU.Build.0 = Release|Any CPU
		{3943683E-34B3-4412-9D94-8F0CEEAC6B23}.Debug|Any CPU.ActiveCfg = Debug|Any CPU
		{3943683E-34B3-4412-9D94-8F0CEEAC6B23}.Debug|Any CPU.Build.0 = Debug|Any CPU
		{3943683E-34B3-4412-9D94-8F0CEEAC6B23}.Release|Any CPU.ActiveCfg = Release|Any CPU
		{3943683E-34B3-4412-9D94-8F0CEEAC6B23}.Release|Any CPU.Build.0 = Release|Any CPU
		{5E246FC4-9F42-4DC8-876D-A58D3CC0EDB5}.Debug|Any CPU.ActiveCfg = Debug|Any CPU
		{5E246FC4-9F42-4DC8-876D-A58D3CC0EDB5}.Debug|Any CPU.Build.0 = Debug|Any CPU
		{5E246FC4-9F42-4DC8-876D-A58D3CC0EDB5}.Release|Any CPU.ActiveCfg = Release|Any CPU
		{5E246FC4-9F42-4DC8-876D-A58D3CC0EDB5}.Release|Any CPU.Build.0 = Release|Any CPU
		{96773124-A835-49AB-8EF4-1FBDEFCC4010}.Debug|Any CPU.ActiveCfg = Debug|Any CPU
		{96773124-A835-49AB-8EF4-1FBDEFCC4010}.Debug|Any CPU.Build.0 = Debug|Any CPU
		{96773124-A835-49AB-8EF4-1FBDEFCC4010}.Release|Any CPU.ActiveCfg = Release|Any CPU
		{96773124-A835-49AB-8EF4-1FBDEFCC4010}.Release|Any CPU.Build.0 = Release|Any CPU
		{5E451F5D-4276-4B26-8BE0-DE7B0AB31BBA}.Debug|Any CPU.ActiveCfg = Debug|Any CPU
		{5E451F5D-4276-4B26-8BE0-DE7B0AB31BBA}.Debug|Any CPU.Build.0 = Debug|Any CPU
		{5E451F5D-4276-4B26-8BE0-DE7B0AB31BBA}.Release|Any CPU.ActiveCfg = Release|Any CPU
		{5E451F5D-4276-4B26-8BE0-DE7B0AB31BBA}.Release|Any CPU.Build.0 = Release|Any CPU
		{B74525BA-6F35-4BF0-8545-30267F88C202}.Debug|Any CPU.ActiveCfg = Debug|Any CPU
		{B74525BA-6F35-4BF0-8545-30267F88C202}.Debug|Any CPU.Build.0 = Debug|Any CPU
		{B74525BA-6F35-4BF0-8545-30267F88C202}.Release|Any CPU.ActiveCfg = Release|Any CPU
		{B74525BA-6F35-4BF0-8545-30267F88C202}.Release|Any CPU.Build.0 = Release|Any CPU
		{929F063F-F3E0-4412-87BE-6ED5A3B3A8FF}.Debug|Any CPU.ActiveCfg = Debug|Any CPU
		{929F063F-F3E0-4412-87BE-6ED5A3B3A8FF}.Debug|Any CPU.Build.0 = Debug|Any CPU
		{929F063F-F3E0-4412-87BE-6ED5A3B3A8FF}.Release|Any CPU.ActiveCfg = Release|Any CPU
		{929F063F-F3E0-4412-87BE-6ED5A3B3A8FF}.Release|Any CPU.Build.0 = Release|Any CPU
		{1720EDD4-98A6-4B3D-846C-6B989E2D0592}.Debug|Any CPU.ActiveCfg = Debug|Any CPU
		{1720EDD4-98A6-4B3D-846C-6B989E2D0592}.Debug|Any CPU.Build.0 = Debug|Any CPU
		{1720EDD4-98A6-4B3D-846C-6B989E2D0592}.Release|Any CPU.ActiveCfg = Release|Any CPU
		{1720EDD4-98A6-4B3D-846C-6B989E2D0592}.Release|Any CPU.Build.0 = Release|Any CPU
	EndGlobalSection
	GlobalSection(SolutionProperties) = preSolution
		HideSolutionNode = FALSE
	EndGlobalSection
EndGlobal
