
Microsoft Visual Studio Solution File, Format Version 12.00
# Visual Studio 14
VisualStudioVersion = 14.0.23107.0
MinimumVisualStudioVersion = 10.0.40219.1
Project("{FAE04EC0-301F-11D3-BF4B-00C04F79EFBC}") = "discnt", "discnt\discnt.csproj", "{39C33EE8-A26E-4C7A-B279-E89DBE09F8F3}"
EndProject
Project("{FAE04EC0-301F-11D3-BF4B-00C04F79EFBC}") = "Discnt.Tests", "Discnt.Tests\Discnt.Tests.csproj", "{4CC91FB9-68A5-447B-B50A-9AAA52EECFF8}"
EndProject
Project("{FAE04EC0-301F-11D3-BF4B-00C04F79EFBC}") = "Hamstr.Tests", "Hamstr.Tests\Hamstr.Tests.csproj", "{F5A2E7B5-8E53-4FAF-850C-9E03FFF2CC72}"
EndProject
Project("{FAE04EC0-301F-11D3-BF4B-00C04F79EFBC}") = "hamstr", "hamstr\hamstr.csproj", "{D5D2A73F-E426-4FCB-8768-D24F4BF64C15}"
EndProject
Global
	GlobalSection(SolutionConfigurationPlatforms) = preSolution
		Debug|Any CPU = Debug|Any CPU
		Release|Any CPU = Release|Any CPU
	EndGlobalSection
	GlobalSection(ProjectConfigurationPlatforms) = postSolution
		{39C33EE8-A26E-4C7A-B279-E89DBE09F8F3}.Debug|Any CPU.ActiveCfg = Debug|Any CPU
		{39C33EE8-A26E-4C7A-B279-E89DBE09F8F3}.Debug|Any CPU.Build.0 = Debug|Any CPU
		{39C33EE8-A26E-4C7A-B279-E89DBE09F8F3}.Release|Any CPU.ActiveCfg = Release|Any CPU
		{39C33EE8-A26E-4C7A-B279-E89DBE09F8F3}.Release|Any CPU.Build.0 = Release|Any CPU
		{4CC91FB9-68A5-447B-B50A-9AAA52EECFF8}.Debug|Any CPU.ActiveCfg = Debug|Any CPU
		{4CC91FB9-68A5-447B-B50A-9AAA52EECFF8}.Debug|Any CPU.Build.0 = Debug|Any CPU
		{4CC91FB9-68A5-447B-B50A-9AAA52EECFF8}.Release|Any CPU.ActiveCfg = Release|Any CPU
		{4CC91FB9-68A5-447B-B50A-9AAA52EECFF8}.Release|Any CPU.Build.0 = Release|Any CPU
		{F5A2E7B5-8E53-4FAF-850C-9E03FFF2CC72}.Debug|Any CPU.ActiveCfg = Debug|Any CPU
		{F5A2E7B5-8E53-4FAF-850C-9E03FFF2CC72}.Debug|Any CPU.Build.0 = Debug|Any CPU
		{F5A2E7B5-8E53-4FAF-850C-9E03FFF2CC72}.Release|Any CPU.ActiveCfg = Release|Any CPU
		{F5A2E7B5-8E53-4FAF-850C-9E03FFF2CC72}.Release|Any CPU.Build.0 = Release|Any CPU
		{D5D2A73F-E426-4FCB-8768-D24F4BF64C15}.Debug|Any CPU.ActiveCfg = Debug|Any CPU
		{D5D2A73F-E426-4FCB-8768-D24F4BF64C15}.Debug|Any CPU.Build.0 = Debug|Any CPU
		{D5D2A73F-E426-4FCB-8768-D24F4BF64C15}.Release|Any CPU.ActiveCfg = Release|Any CPU
		{D5D2A73F-E426-4FCB-8768-D24F4BF64C15}.Release|Any CPU.Build.0 = Release|Any CPU
	EndGlobalSection
	GlobalSection(SolutionProperties) = preSolution
		HideSolutionNode = FALSE
	EndGlobalSection
EndGlobal
